
Microsoft Visual Studio Solution File, Format Version 12.00
Project("{FAE04EC0-301F-11D3-BF4B-00C04F79EFBC}") = "MauiFundamentals", "MauiFundamentals.csproj", "{3E53E212-16E3-4327-9583-46EDEB7B2E8B}"
EndProject
Global
	GlobalSection(SolutionConfigurationPlatforms) = preSolution
		Debug|Any CPU = Debug|Any CPU
		Release|Any CPU = Release|Any CPU
	EndGlobalSection
	GlobalSection(ProjectConfigurationPlatforms) = postSolution
		{3E53E212-16E3-4327-9583-46EDEB7B2E8B}.Debug|Any CPU.ActiveCfg = Debug|Any CPU
		{3E53E212-16E3-4327-9583-46EDEB7B2E8B}.Debug|Any CPU.Build.0 = Debug|Any CPU
		{3E53E212-16E3-4327-9583-46EDEB7B2E8B}.Release|Any CPU.ActiveCfg = Release|Any CPU
		{3E53E212-16E3-4327-9583-46EDEB7B2E8B}.Release|Any CPU.Build.0 = Release|Any CPU
	EndGlobalSection
EndGlobal
